// !$*UTF8*$!
{
	archiveVersion = 1;
	classes = {
	};
	objectVersion = 50;
	objects = {

/* Begin PBXBuildFile section */
		B133CB6B20FCE4320009313C /* AppDelegate.swift in Sources */ = {isa = PBXBuildFile; fileRef = B133CB6A20FCE4320009313C /* AppDelegate.swift */; };
		B133CB6D20FCE4320009313C /* art.scnassets in Resources */ = {isa = PBXBuildFile; fileRef = B133CB6C20FCE4320009313C /* art.scnassets */; };
		B133CB7220FCE4320009313C /* Main.storyboard in Resources */ = {isa = PBXBuildFile; fileRef = B133CB7020FCE4320009313C /* Main.storyboard */; };
		B133CB7420FCE4340009313C /* Assets.xcassets in Resources */ = {isa = PBXBuildFile; fileRef = B133CB7320FCE4340009313C /* Assets.xcassets */; };
		B133CB7720FCE4340009313C /* LaunchScreen.storyboard in Resources */ = {isa = PBXBuildFile; fileRef = B133CB7520FCE4340009313C /* LaunchScreen.storyboard */; };
		B136EE6521025F4D0079ED24 /* spark.png in Resources */ = {isa = PBXBuildFile; fileRef = B136EE6321025F4D0079ED24 /* spark.png */; };
		B136EE6621025F4D0079ED24 /* Fire.scnp in Resources */ = {isa = PBXBuildFile; fileRef = B136EE6421025F4D0079ED24 /* Fire.scnp */; };
		B136EE68210279250079ED24 /* Card.swift in Sources */ = {isa = PBXBuildFile; fileRef = B136EE67210279250079ED24 /* Card.swift */; };
		B136EE6D21027A950079ED24 /* CardNode.swift in Sources */ = {isa = PBXBuildFile; fileRef = B136EE6C21027A950079ED24 /* CardNode.swift */; };
		B1A8F32D20FCF2D700F42752 /* DeckSettings.swift in Sources */ = {isa = PBXBuildFile; fileRef = B1A8F32C20FCF2D700F42752 /* DeckSettings.swift */; };
		B1A8F32F20FCF59000F42752 /* DeckViewController.swift in Sources */ = {isa = PBXBuildFile; fileRef = B1A8F32E20FCF59000F42752 /* DeckViewController.swift */; };
		B1A8F33120FCF6A800F42752 /* CustomTabBarController.swift in Sources */ = {isa = PBXBuildFile; fileRef = B1A8F33020FCF6A800F42752 /* CustomTabBarController.swift */; };
		B1A8F33320FD088700F42752 /* DeckCollectionViewCell.swift in Sources */ = {isa = PBXBuildFile; fileRef = B1A8F33220FD088700F42752 /* DeckCollectionViewCell.swift */; };
		B1A8F33520FD125300F42752 /* FieldViewController.swift in Sources */ = {isa = PBXBuildFile; fileRef = B1A8F33420FD125300F42752 /* FieldViewController.swift */; };
/* End PBXBuildFile section */

/* Begin PBXFileReference section */
		B133CB6720FCE4320009313C /* MagicCards.app */ = {isa = PBXFileReference; explicitFileType = wrapper.application; includeInIndex = 0; path = MagicCards.app; sourceTree = BUILT_PRODUCTS_DIR; };
		B133CB6A20FCE4320009313C /* AppDelegate.swift */ = {isa = PBXFileReference; lastKnownFileType = sourcecode.swift; path = AppDelegate.swift; sourceTree = "<group>"; };
		B133CB6C20FCE4320009313C /* art.scnassets */ = {isa = PBXFileReference; lastKnownFileType = wrapper.scnassets; path = art.scnassets; sourceTree = "<group>"; };
		B133CB7120FCE4320009313C /* Base */ = {isa = PBXFileReference; lastKnownFileType = file.storyboard; name = Base; path = Base.lproj/Main.storyboard; sourceTree = "<group>"; };
		B133CB7320FCE4340009313C /* Assets.xcassets */ = {isa = PBXFileReference; lastKnownFileType = folder.assetcatalog; path = Assets.xcassets; sourceTree = "<group>"; };
		B133CB7620FCE4340009313C /* Base */ = {isa = PBXFileReference; lastKnownFileType = file.storyboard; name = Base; path = Base.lproj/LaunchScreen.storyboard; sourceTree = "<group>"; };
		B133CB7820FCE4340009313C /* Info.plist */ = {isa = PBXFileReference; lastKnownFileType = text.plist.xml; path = Info.plist; sourceTree = "<group>"; };
		B136EE6321025F4D0079ED24 /* spark.png */ = {isa = PBXFileReference; lastKnownFileType = image.png; path = spark.png; sourceTree = "<group>"; };
		B136EE6421025F4D0079ED24 /* Fire.scnp */ = {isa = PBXFileReference; lastKnownFileType = file.scp; path = Fire.scnp; sourceTree = "<group>"; };
		B136EE67210279250079ED24 /* Card.swift */ = {isa = PBXFileReference; lastKnownFileType = sourcecode.swift; path = Card.swift; sourceTree = "<group>"; };
		B136EE6C21027A950079ED24 /* CardNode.swift */ = {isa = PBXFileReference; lastKnownFileType = sourcecode.swift; path = CardNode.swift; sourceTree = "<group>"; };
		B1A8F32C20FCF2D700F42752 /* DeckSettings.swift */ = {isa = PBXFileReference; lastKnownFileType = sourcecode.swift; path = DeckSettings.swift; sourceTree = "<group>"; };
		B1A8F32E20FCF59000F42752 /* DeckViewController.swift */ = {isa = PBXFileReference; lastKnownFileType = sourcecode.swift; path = DeckViewController.swift; sourceTree = "<group>"; };
		B1A8F33020FCF6A800F42752 /* CustomTabBarController.swift */ = {isa = PBXFileReference; lastKnownFileType = sourcecode.swift; path = CustomTabBarController.swift; sourceTree = "<group>"; };
		B1A8F33220FD088700F42752 /* DeckCollectionViewCell.swift */ = {isa = PBXFileReference; lastKnownFileType = sourcecode.swift; path = DeckCollectionViewCell.swift; sourceTree = "<group>"; };
		B1A8F33420FD125300F42752 /* FieldViewController.swift */ = {isa = PBXFileReference; lastKnownFileType = sourcecode.swift; path = FieldViewController.swift; sourceTree = "<group>"; };
/* End PBXFileReference section */

/* Begin PBXFrameworksBuildPhase section */
		B133CB6420FCE4320009313C /* Frameworks */ = {
			isa = PBXFrameworksBuildPhase;
			buildActionMask = 2147483647;
			files = (
			);
			runOnlyForDeploymentPostprocessing = 0;
		};
/* End PBXFrameworksBuildPhase section */

/* Begin PBXGroup section */
		B133CB5E20FCE4320009313C = {
			isa = PBXGroup;
			children = (
				B133CB6920FCE4320009313C /* MagicCards */,
				B133CB6820FCE4320009313C /* Products */,
			);
			sourceTree = "<group>";
		};
		B133CB6820FCE4320009313C /* Products */ = {
			isa = PBXGroup;
			children = (
				B133CB6720FCE4320009313C /* MagicCards.app */,
			);
			name = Products;
			sourceTree = "<group>";
		};
		B133CB6920FCE4320009313C /* MagicCards */ = {
			isa = PBXGroup;
			children = (
				B136EE6B2102797E0079ED24 /* Controller */,
				B136EE69210279600079ED24 /* Model */,
				B136EE5E210250510079ED24 /* Particles */,
				B136EE6A210279690079ED24 /* View */,
				B133CB6A20FCE4320009313C /* AppDelegate.swift */,
				B133CB6C20FCE4320009313C /* art.scnassets */,
				B133CB7020FCE4320009313C /* Main.storyboard */,
				B133CB7320FCE4340009313C /* Assets.xcassets */,
				B133CB7520FCE4340009313C /* LaunchScreen.storyboard */,
				B133CB7820FCE4340009313C /* Info.plist */,
			);
			path = MagicCards;
			sourceTree = "<group>";
		};
		B136EE5E210250510079ED24 /* Particles */ = {
			isa = PBXGroup;
			children = (
				B136EE6321025F4D0079ED24 /* spark.png */,
				B136EE6421025F4D0079ED24 /* Fire.scnp */,
			);
			path = Particles;
			sourceTree = "<group>";
		};
		B136EE69210279600079ED24 /* Model */ = {
			isa = PBXGroup;
			children = (
				B136EE67210279250079ED24 /* Card.swift */,
			);
			path = Model;
			sourceTree = "<group>";
		};
		B136EE6A210279690079ED24 /* View */ = {
			isa = PBXGroup;
			children = (
				B1A8F33220FD088700F42752 /* DeckCollectionViewCell.swift */,
				B1A8F32C20FCF2D700F42752 /* DeckSettings.swift */,
				B136EE6C21027A950079ED24 /* CardNode.swift */,
			);
			path = View;
			sourceTree = "<group>";
		};
		B136EE6B2102797E0079ED24 /* Controller */ = {
			isa = PBXGroup;
			children = (
				B1A8F32E20FCF59000F42752 /* DeckViewController.swift */,
				B1A8F33020FCF6A800F42752 /* CustomTabBarController.swift */,
				B1A8F33420FD125300F42752 /* FieldViewController.swift */,
			);
			path = Controller;
			sourceTree = "<group>";
		};
/* End PBXGroup section */

/* Begin PBXNativeTarget section */
		B133CB6620FCE4320009313C /* MagicCards */ = {
			isa = PBXNativeTarget;
			buildConfigurationList = B133CB7B20FCE4340009313C /* Build configuration list for PBXNativeTarget "MagicCards" */;
			buildPhases = (
				B133CB6320FCE4320009313C /* Sources */,
				B133CB6420FCE4320009313C /* Frameworks */,
				B133CB6520FCE4320009313C /* Resources */,
			);
			buildRules = (
			);
			dependencies = (
			);
			name = MagicCards;
			productName = MagicCards;
			productReference = B133CB6720FCE4320009313C /* MagicCards.app */;
			productType = "com.apple.product-type.application";
		};
/* End PBXNativeTarget section */

/* Begin PBXProject section */
		B133CB5F20FCE4320009313C /* Project object */ = {
			isa = PBXProject;
			attributes = {
				LastSwiftUpdateCheck = 0940;
				LastUpgradeCheck = 0940;
				ORGANIZATIONNAME = "Julianny Favinha";
				TargetAttributes = {
					B133CB6620FCE4320009313C = {
						CreatedOnToolsVersion = 9.4.1;
					};
				};
			};
			buildConfigurationList = B133CB6220FCE4320009313C /* Build configuration list for PBXProject "MagicCards" */;
			compatibilityVersion = "Xcode 9.3";
			developmentRegion = en;
			hasScannedForEncodings = 0;
			knownRegions = (
				en,
				Base,
			);
			mainGroup = B133CB5E20FCE4320009313C;
			productRefGroup = B133CB6820FCE4320009313C /* Products */;
			projectDirPath = "";
			projectRoot = "";
			targets = (
				B133CB6620FCE4320009313C /* MagicCards */,
			);
		};
/* End PBXProject section */

/* Begin PBXResourcesBuildPhase section */
		B133CB6520FCE4320009313C /* Resources */ = {
			isa = PBXResourcesBuildPhase;
			buildActionMask = 2147483647;
			files = (
				B136EE6521025F4D0079ED24 /* spark.png in Resources */,
				B136EE6621025F4D0079ED24 /* Fire.scnp in Resources */,
				B133CB6D20FCE4320009313C /* art.scnassets in Resources */,
				B133CB7720FCE4340009313C /* LaunchScreen.storyboard in Resources */,
				B133CB7420FCE4340009313C /* Assets.xcassets in Resources */,
				B133CB7220FCE4320009313C /* Main.storyboard in Resources */,
			);
			runOnlyForDeploymentPostprocessing = 0;
		};
/* End PBXResourcesBuildPhase section */

/* Begin PBXSourcesBuildPhase section */
		B133CB6320FCE4320009313C /* Sources */ = {
			isa = PBXSourcesBuildPhase;
			buildActionMask = 2147483647;
			files = (
				B1A8F32D20FCF2D700F42752 /* DeckSettings.swift in Sources */,
				B136EE6D21027A950079ED24 /* CardNode.swift in Sources */,
				B1A8F32F20FCF59000F42752 /* DeckViewController.swift in Sources */,
				B136EE68210279250079ED24 /* Card.swift in Sources */,
				B1A8F33120FCF6A800F42752 /* CustomTabBarController.swift in Sources */,
				B133CB6B20FCE4320009313C /* AppDelegate.swift in Sources */,
				B1A8F33320FD088700F42752 /* DeckCollectionViewCell.swift in Sources */,
				B1A8F33520FD125300F42752 /* FieldViewController.swift in Sources */,
			);
			runOnlyForDeploymentPostprocessing = 0;
		};
/* End PBXSourcesBuildPhase section */

/* Begin PBXVariantGroup section */
		B133CB7020FCE4320009313C /* Main.storyboard */ = {
			isa = PBXVariantGroup;
			children = (
				B133CB7120FCE4320009313C /* Base */,
			);
			name = Main.storyboard;
			sourceTree = "<group>";
		};
		B133CB7520FCE4340009313C /* LaunchScreen.storyboard */ = {
			isa = PBXVariantGroup;
			children = (
				B133CB7620FCE4340009313C /* Base */,
			);
			name = LaunchScreen.storyboard;
			sourceTree = "<group>";
		};
/* End PBXVariantGroup section */

/* Begin XCBuildConfiguration section */
		B133CB7920FCE4340009313C /* Debug */ = {
			isa = XCBuildConfiguration;
			buildSettings = {
				ALWAYS_SEARCH_USER_PATHS = NO;
				CLANG_ANALYZER_NONNULL = YES;
				CLANG_ANALYZER_NUMBER_OBJECT_CONVERSION = YES_AGGRESSIVE;
				CLANG_CXX_LANGUAGE_STANDARD = "gnu++14";
				CLANG_CXX_LIBRARY = "libc++";
				CLANG_ENABLE_MODULES = YES;
				CLANG_ENABLE_OBJC_ARC = YES;
				CLANG_ENABLE_OBJC_WEAK = YES;
				CLANG_WARN_BLOCK_CAPTURE_AUTORELEASING = YES;
				CLANG_WARN_BOOL_CONVERSION = YES;
				CLANG_WARN_COMMA = YES;
				CLANG_WARN_CONSTANT_CONVERSION = YES;
				CLANG_WARN_DEPRECATED_OBJC_IMPLEMENTATIONS = YES;
				CLANG_WARN_DIRECT_OBJC_ISA_USAGE = YES_ERROR;
				CLANG_WARN_DOCUMENTATION_COMMENTS = YES;
				CLANG_WARN_EMPTY_BODY = YES;
				CLANG_WARN_ENUM_CONVERSION = YES;
				CLANG_WARN_INFINITE_RECURSION = YES;
				CLANG_WARN_INT_CONVERSION = YES;
				CLANG_WARN_NON_LITERAL_NULL_CONVERSION = YES;
				CLANG_WARN_OBJC_IMPLICIT_RETAIN_SELF = YES;
				CLANG_WARN_OBJC_LITERAL_CONVERSION = YES;
				CLANG_WARN_OBJC_ROOT_CLASS = YES_ERROR;
				CLANG_WARN_RANGE_LOOP_ANALYSIS = YES;
				CLANG_WARN_STRICT_PROTOTYPES = YES;
				CLANG_WARN_SUSPICIOUS_MOVE = YES;
				CLANG_WARN_UNGUARDED_AVAILABILITY = YES_AGGRESSIVE;
				CLANG_WARN_UNREACHABLE_CODE = YES;
				CLANG_WARN__DUPLICATE_METHOD_MATCH = YES;
				CODE_SIGN_IDENTITY = "iPhone Developer";
				COPY_PHASE_STRIP = NO;
				DEBUG_INFORMATION_FORMAT = dwarf;
				ENABLE_STRICT_OBJC_MSGSEND = YES;
				ENABLE_TESTABILITY = YES;
				GCC_C_LANGUAGE_STANDARD = gnu11;
				GCC_DYNAMIC_NO_PIC = NO;
				GCC_NO_COMMON_BLOCKS = YES;
				GCC_OPTIMIZATION_LEVEL = 0;
				GCC_PREPROCESSOR_DEFINITIONS = (
					"DEBUG=1",
					"$(inherited)",
				);
				GCC_WARN_64_TO_32_BIT_CONVERSION = YES;
				GCC_WARN_ABOUT_RETURN_TYPE = YES_ERROR;
				GCC_WARN_UNDECLARED_SELECTOR = YES;
				GCC_WARN_UNINITIALIZED_AUTOS = YES_AGGRESSIVE;
				GCC_WARN_UNUSED_FUNCTION = YES;
				GCC_WARN_UNUSED_VARIABLE = YES;
				IPHONEOS_DEPLOYMENT_TARGET = 11.4;
				MTL_ENABLE_DEBUG_INFO = YES;
				ONLY_ACTIVE_ARCH = YES;
				SDKROOT = iphoneos;
				SWIFT_ACTIVE_COMPILATION_CONDITIONS = DEBUG;
				SWIFT_OPTIMIZATION_LEVEL = "-Onone";
			};
			name = Debug;
		};
		B133CB7A20FCE4340009313C /* Release */ = {
			isa = XCBuildConfiguration;
			buildSettings = {
				ALWAYS_SEARCH_USER_PATHS = NO;
				CLANG_ANALYZER_NONNULL = YES;
				CLANG_ANALYZER_NUMBER_OBJECT_CONVERSION = YES_AGGRESSIVE;
				CLANG_CXX_LANGUAGE_STANDARD = "gnu++14";
				CLANG_CXX_LIBRARY = "libc++";
				CLANG_ENABLE_MODULES = YES;
				CLANG_ENABLE_OBJC_ARC = YES;
				CLANG_ENABLE_OBJC_WEAK = YES;
				CLANG_WARN_BLOCK_CAPTURE_AUTORELEASING = YES;
				CLANG_WARN_BOOL_CONVERSION = YES;
				CLANG_WARN_COMMA = YES;
				CLANG_WARN_CONSTANT_CONVERSION = YES;
				CLANG_WARN_DEPRECATED_OBJC_IMPLEMENTATIONS = YES;
				CLANG_WARN_DIRECT_OBJC_ISA_USAGE = YES_ERROR;
				CLANG_WARN_DOCUMENTATION_COMMENTS = YES;
				CLANG_WARN_EMPTY_BODY = YES;
				CLANG_WARN_ENUM_CONVERSION = YES;
				CLANG_WARN_INFINITE_RECURSION = YES;
				CLANG_WARN_INT_CONVERSION = YES;
				CLANG_WARN_NON_LITERAL_NULL_CONVERSION = YES;
				CLANG_WARN_OBJC_IMPLICIT_RETAIN_SELF = YES;
				CLANG_WARN_OBJC_LITERAL_CONVERSION = YES;
				CLANG_WARN_OBJC_ROOT_CLASS = YES_ERROR;
				CLANG_WARN_RANGE_LOOP_ANALYSIS = YES;
				CLANG_WARN_STRICT_PROTOTYPES = YES;
				CLANG_WARN_SUSPICIOUS_MOVE = YES;
				CLANG_WARN_UNGUARDED_AVAILABILITY = YES_AGGRESSIVE;
				CLANG_WARN_UNREACHABLE_CODE = YES;
				CLANG_WARN__DUPLICATE_METHOD_MATCH = YES;
				CODE_SIGN_IDENTITY = "iPhone Developer";
				COPY_PHASE_STRIP = NO;
				DEBUG_INFORMATION_FORMAT = "dwarf-with-dsym";
				ENABLE_NS_ASSERTIONS = NO;
				ENABLE_STRICT_OBJC_MSGSEND = YES;
				GCC_C_LANGUAGE_STANDARD = gnu11;
				GCC_NO_COMMON_BLOCKS = YES;
				GCC_WARN_64_TO_32_BIT_CONVERSION = YES;
				GCC_WARN_ABOUT_RETURN_TYPE = YES_ERROR;
				GCC_WARN_UNDECLARED_SELECTOR = YES;
				GCC_WARN_UNINITIALIZED_AUTOS = YES_AGGRESSIVE;
				GCC_WARN_UNUSED_FUNCTION = YES;
				GCC_WARN_UNUSED_VARIABLE = YES;
				IPHONEOS_DEPLOYMENT_TARGET = 11.4;
				MTL_ENABLE_DEBUG_INFO = NO;
				SDKROOT = iphoneos;
				SWIFT_COMPILATION_MODE = wholemodule;
				SWIFT_OPTIMIZATION_LEVEL = "-O";
				VALIDATE_PRODUCT = YES;
			};
			name = Release;
		};
		B133CB7C20FCE4340009313C /* Debug */ = {
			isa = XCBuildConfiguration;
			buildSettings = {
				ASSETCATALOG_COMPILER_APPICON_NAME = AppIcon;
				CODE_SIGN_STYLE = Automatic;
				DEVELOPMENT_TEAM = 32P3VH37WD;
				INFOPLIST_FILE = MagicCards/Info.plist;
				LD_RUNPATH_SEARCH_PATHS = (
					"$(inherited)",
					"@executable_path/Frameworks",
				);
				PRODUCT_BUNDLE_IDENTIFIER = com.DeveloperAcademy.Julianny.MagicCards;
				PRODUCT_NAME = "$(TARGET_NAME)";
				SWIFT_VERSION = 4.0;
				TARGETED_DEVICE_FAMILY = "1,2";
			};
			name = Debug;
		};
		B133CB7D20FCE4340009313C /* Release */ = {
			isa = XCBuildConfiguration;
			buildSettings = {
				ASSETCATALOG_COMPILER_APPICON_NAME = AppIcon;
				CODE_SIGN_STYLE = Automatic;
				DEVELOPMENT_TEAM = 32P3VH37WD;
				INFOPLIST_FILE = MagicCards/Info.plist;
				LD_RUNPATH_SEARCH_PATHS = (
					"$(inherited)",
					"@executable_path/Frameworks",
				);
				PRODUCT_BUNDLE_IDENTIFIER = com.DeveloperAcademy.Julianny.MagicCards;
				PRODUCT_NAME = "$(TARGET_NAME)";
				SWIFT_VERSION = 4.0;
				TARGETED_DEVICE_FAMILY = "1,2";
			};
			name = Release;
		};
/* End XCBuildConfiguration section */

/* Begin XCConfigurationList section */
		B133CB6220FCE4320009313C /* Build configuration list for PBXProject "MagicCards" */ = {
			isa = XCConfigurationList;
			buildConfigurations = (
				B133CB7920FCE4340009313C /* Debug */,
				B133CB7A20FCE4340009313C /* Release */,
			);
			defaultConfigurationIsVisible = 0;
			defaultConfigurationName = Release;
		};
		B133CB7B20FCE4340009313C /* Build configuration list for PBXNativeTarget "MagicCards" */ = {
			isa = XCConfigurationList;
			buildConfigurations = (
				B133CB7C20FCE4340009313C /* Debug */,
				B133CB7D20FCE4340009313C /* Release */,
			);
			defaultConfigurationIsVisible = 0;
			defaultConfigurationName = Release;
		};
/* End XCConfigurationList section */
	};
	rootObject = B133CB5F20FCE4320009313C /* Project object */;
}
